
Microsoft Visual Studio Solution File, Format Version 12.00
# Visual Studio 2012
Project("{FAE04EC0-301F-11D3-BF4B-00C04F79EFBC}") = "INB302_WDGS", "INB302_WDGS\INB302_WDGS\INB302_WDGS.csproj", "{C8472719-6822-48A8-94CE-26107B726F87}"
EndProject
Project("{FAE04EC0-301F-11D3-BF4B-00C04F79EFBC}") = "INB302_WDGS.iOS", "INB302_WDGS\INB302_WDGS.iOS\INB302_WDGS.iOS.csproj", "{8D2D7C1B-426B-42B7-85DA-182A37C62E6C}"
EndProject
Project("{FAE04EC0-301F-11D3-BF4B-00C04F79EFBC}") = "INB302_WDGS.Droid", "INB302_WDGS\INB302_WDGS.Droid\INB302_WDGS.Droid.csproj", "{EC25713E-73E4-4F24-8397-B9AFA3878E84}"
EndProject
Global
	GlobalSection(SolutionConfigurationPlatforms) = preSolution
		Ad-Hoc|Any CPU = Ad-Hoc|Any CPU
		Ad-Hoc|iPhone = Ad-Hoc|iPhone
		Ad-Hoc|iPhoneSimulator = Ad-Hoc|iPhoneSimulator
		Ad-Hoc|Mixed Platforms = Ad-Hoc|Mixed Platforms
		AppStore|Any CPU = AppStore|Any CPU
		AppStore|iPhone = AppStore|iPhone
		AppStore|iPhoneSimulator = AppStore|iPhoneSimulator
		AppStore|Mixed Platforms = AppStore|Mixed Platforms
		Debug|Any CPU = Debug|Any CPU
		Debug|iPhone = Debug|iPhone
		Debug|iPhoneSimulator = Debug|iPhoneSimulator
		Debug|Mixed Platforms = Debug|Mixed Platforms
		Release|Any CPU = Release|Any CPU
		Release|iPhone = Release|iPhone
		Release|iPhoneSimulator = Release|iPhoneSimulator
		Release|Mixed Platforms = Release|Mixed Platforms
	EndGlobalSection
	GlobalSection(ProjectConfigurationPlatforms) = postSolution
		{C8472719-6822-48A8-94CE-26107B726F87}.Ad-Hoc|Any CPU.ActiveCfg = Release|Any CPU
		{C8472719-6822-48A8-94CE-26107B726F87}.Ad-Hoc|Any CPU.Build.0 = Release|Any CPU
		{C8472719-6822-48A8-94CE-26107B726F87}.Ad-Hoc|iPhone.ActiveCfg = Release|Any CPU
		{C8472719-6822-48A8-94CE-26107B726F87}.Ad-Hoc|iPhoneSimulator.ActiveCfg = Release|Any CPU
		{C8472719-6822-48A8-94CE-26107B726F87}.Ad-Hoc|Mixed Platforms.ActiveCfg = Release|Any CPU
		{C8472719-6822-48A8-94CE-26107B726F87}.Ad-Hoc|Mixed Platforms.Build.0 = Release|Any CPU
		{C8472719-6822-48A8-94CE-26107B726F87}.AppStore|Any CPU.ActiveCfg = Release|Any CPU
		{C8472719-6822-48A8-94CE-26107B726F87}.AppStore|Any CPU.Build.0 = Release|Any CPU
		{C8472719-6822-48A8-94CE-26107B726F87}.AppStore|iPhone.ActiveCfg = Release|Any CPU
		{C8472719-6822-48A8-94CE-26107B726F87}.AppStore|iPhoneSimulator.ActiveCfg = Release|Any CPU
		{C8472719-6822-48A8-94CE-26107B726F87}.AppStore|Mixed Platforms.ActiveCfg = Release|Any CPU
		{C8472719-6822-48A8-94CE-26107B726F87}.AppStore|Mixed Platforms.Build.0 = Release|Any CPU
		{C8472719-6822-48A8-94CE-26107B726F87}.Debug|Any CPU.ActiveCfg = Debug|Any CPU
		{C8472719-6822-48A8-94CE-26107B726F87}.Debug|Any CPU.Build.0 = Debug|Any CPU
		{C8472719-6822-48A8-94CE-26107B726F87}.Debug|iPhone.ActiveCfg = Debug|Any CPU
		{C8472719-6822-48A8-94CE-26107B726F87}.Debug|iPhoneSimulator.ActiveCfg = Debug|Any CPU
		{C8472719-6822-48A8-94CE-26107B726F87}.Debug|Mixed Platforms.ActiveCfg = Debug|Any CPU
		{C8472719-6822-48A8-94CE-26107B726F87}.Debug|Mixed Platforms.Build.0 = Debug|Any CPU
		{C8472719-6822-48A8-94CE-26107B726F87}.Release|Any CPU.ActiveCfg = Release|Any CPU
		{C8472719-6822-48A8-94CE-26107B726F87}.Release|Any CPU.Build.0 = Release|Any CPU
		{C8472719-6822-48A8-94CE-26107B726F87}.Release|iPhone.ActiveCfg = Release|Any CPU
		{C8472719-6822-48A8-94CE-26107B726F87}.Release|iPhoneSimulator.ActiveCfg = Release|Any CPU
		{C8472719-6822-48A8-94CE-26107B726F87}.Release|Mixed Platforms.ActiveCfg = Release|Any CPU
		{C8472719-6822-48A8-94CE-26107B726F87}.Release|Mixed Platforms.Build.0 = Release|Any CPU
		{8D2D7C1B-426B-42B7-85DA-182A37C62E6C}.Ad-Hoc|Any CPU.ActiveCfg = Ad-Hoc|iPhone
		{8D2D7C1B-426B-42B7-85DA-182A37C62E6C}.Ad-Hoc|iPhone.ActiveCfg = Ad-Hoc|iPhone
		{8D2D7C1B-426B-42B7-85DA-182A37C62E6C}.Ad-Hoc|iPhone.Build.0 = Ad-Hoc|iPhone
		{8D2D7C1B-426B-42B7-85DA-182A37C62E6C}.Ad-Hoc|iPhoneSimulator.ActiveCfg = Ad-Hoc|iPhoneSimulator
		{8D2D7C1B-426B-42B7-85DA-182A37C62E6C}.Ad-Hoc|iPhoneSimulator.Build.0 = Ad-Hoc|iPhoneSimulator
		{8D2D7C1B-426B-42B7-85DA-182A37C62E6C}.Ad-Hoc|Mixed Platforms.ActiveCfg = Ad-Hoc|iPhone
		{8D2D7C1B-426B-42B7-85DA-182A37C62E6C}.Ad-Hoc|Mixed Platforms.Build.0 = Ad-Hoc|iPhone
		{8D2D7C1B-426B-42B7-85DA-182A37C62E6C}.AppStore|Any CPU.ActiveCfg = AppStore|iPhone
		{8D2D7C1B-426B-42B7-85DA-182A37C62E6C}.AppStore|iPhone.ActiveCfg = AppStore|iPhone
		{8D2D7C1B-426B-42B7-85DA-182A37C62E6C}.AppStore|iPhone.Build.0 = AppStore|iPhone
		{8D2D7C1B-426B-42B7-85DA-182A37C62E6C}.AppStore|iPhoneSimulator.ActiveCfg = AppStore|iPhoneSimulator
		{8D2D7C1B-426B-42B7-85DA-182A37C62E6C}.AppStore|iPhoneSimulator.Build.0 = AppStore|iPhoneSimulator
		{8D2D7C1B-426B-42B7-85DA-182A37C62E6C}.AppStore|Mixed Platforms.ActiveCfg = AppStore|iPhone
		{8D2D7C1B-426B-42B7-85DA-182A37C62E6C}.AppStore|Mixed Platforms.Build.0 = AppStore|iPhone
		{8D2D7C1B-426B-42B7-85DA-182A37C62E6C}.Debug|Any CPU.ActiveCfg = Debug|iPhone
		{8D2D7C1B-426B-42B7-85DA-182A37C62E6C}.Debug|iPhone.ActiveCfg = Debug|iPhone
		{8D2D7C1B-426B-42B7-85DA-182A37C62E6C}.Debug|iPhone.Build.0 = Debug|iPhone
		{8D2D7C1B-426B-42B7-85DA-182A37C62E6C}.Debug|iPhoneSimulator.ActiveCfg = Debug|iPhoneSimulator
		{8D2D7C1B-426B-42B7-85DA-182A37C62E6C}.Debug|iPhoneSimulator.Build.0 = Debug|iPhoneSimulator
		{8D2D7C1B-426B-42B7-85DA-182A37C62E6C}.Debug|Mixed Platforms.ActiveCfg = Debug|iPhone
		{8D2D7C1B-426B-42B7-85DA-182A37C62E6C}.Debug|Mixed Platforms.Build.0 = Debug|iPhone
		{8D2D7C1B-426B-42B7-85DA-182A37C62E6C}.Release|Any CPU.ActiveCfg = Release|iPhone
		{8D2D7C1B-426B-42B7-85DA-182A37C62E6C}.Release|iPhone.ActiveCfg = Release|iPhone
		{8D2D7C1B-426B-42B7-85DA-182A37C62E6C}.Release|iPhone.Build.0 = Release|iPhone
		{8D2D7C1B-426B-42B7-85DA-182A37C62E6C}.Release|iPhoneSimulator.ActiveCfg = Release|iPhoneSimulator
		{8D2D7C1B-426B-42B7-85DA-182A37C62E6C}.Release|iPhoneSimulator.Build.0 = Release|iPhoneSimulator
		{8D2D7C1B-426B-42B7-85DA-182A37C62E6C}.Release|Mixed Platforms.ActiveCfg = Release|iPhone
		{8D2D7C1B-426B-42B7-85DA-182A37C62E6C}.Release|Mixed Platforms.Build.0 = Release|iPhone
		{EC25713E-73E4-4F24-8397-B9AFA3878E84}.Ad-Hoc|Any CPU.ActiveCfg = Release|Any CPU
		{EC25713E-73E4-4F24-8397-B9AFA3878E84}.Ad-Hoc|Any CPU.Build.0 = Release|Any CPU
		{EC25713E-73E4-4F24-8397-B9AFA3878E84}.Ad-Hoc|Any CPU.Deploy.0 = Release|Any CPU
		{EC25713E-73E4-4F24-8397-B9AFA3878E84}.Ad-Hoc|iPhone.ActiveCfg = Release|Any CPU
		{EC25713E-73E4-4F24-8397-B9AFA3878E84}.Ad-Hoc|iPhoneSimulator.ActiveCfg = Release|Any CPU
		{EC25713E-73E4-4F24-8397-B9AFA3878E84}.Ad-Hoc|Mixed Platforms.ActiveCfg = Release|Any CPU
		{EC25713E-73E4-4F24-8397-B9AFA3878E84}.Ad-Hoc|Mixed Platforms.Build.0 = Release|Any CPU
		{EC25713E-73E4-4F24-8397-B9AFA3878E84}.Ad-Hoc|Mixed Platforms.Deploy.0 = Release|Any CPU
		{EC25713E-73E4-4F24-8397-B9AFA3878E84}.AppStore|Any CPU.ActiveCfg = Release|Any CPU
		{EC25713E-73E4-4F24-8397-B9AFA3878E84}.AppStore|Any CPU.Build.0 = Release|Any CPU
		{EC25713E-73E4-4F24-8397-B9AFA3878E84}.AppStore|Any CPU.Deploy.0 = Release|Any CPU
		{EC25713E-73E4-4F24-8397-B9AFA3878E84}.AppStore|iPhone.ActiveCfg = Release|Any CPU
		{EC25713E-73E4-4F24-8397-B9AFA3878E84}.AppStore|iPhoneSimulator.ActiveCfg = Release|Any CPU
		{EC25713E-73E4-4F24-8397-B9AFA3878E84}.AppStore|Mixed Platforms.ActiveCfg = Release|Any CPU
		{EC25713E-73E4-4F24-8397-B9AFA3878E84}.AppStore|Mixed Platforms.Build.0 = Release|Any CPU
		{EC25713E-73E4-4F24-8397-B9AFA3878E84}.AppStore|Mixed Platforms.Deploy.0 = Release|Any CPU
		{EC25713E-73E4-4F24-8397-B9AFA3878E84}.Debug|Any CPU.ActiveCfg = Debug|Any CPU
		{EC25713E-73E4-4F24-8397-B9AFA3878E84}.Debug|Any CPU.Build.0 = Debug|Any CPU
		{EC25713E-73E4-4F24-8397-B9AFA3878E84}.Debug|Any CPU.Deploy.0 = Debug|Any CPU
		{EC25713E-73E4-4F24-8397-B9AFA3878E84}.Debug|iPhone.ActiveCfg = Debug|Any CPU
		{EC25713E-73E4-4F24-8397-B9AFA3878E84}.Debug|iPhoneSimulator.ActiveCfg = Debug|Any CPU
		{EC25713E-73E4-4F24-8397-B9AFA3878E84}.Debug|Mixed Platforms.ActiveCfg = Debug|Any CPU
		{EC25713E-73E4-4F24-8397-B9AFA3878E84}.Debug|Mixed Platforms.Build.0 = Debug|Any CPU
		{EC25713E-73E4-4F24-8397-B9AFA3878E84}.Debug|Mixed Platforms.Deploy.0 = Debug|Any CPU
		{EC25713E-73E4-4F24-8397-B9AFA3878E84}.Release|Any CPU.ActiveCfg = Release|Any CPU
		{EC25713E-73E4-4F24-8397-B9AFA3878E84}.Release|Any CPU.Build.0 = Release|Any CPU
		{EC25713E-73E4-4F24-8397-B9AFA3878E84}.Release|Any CPU.Deploy.0 = Release|Any CPU
		{EC25713E-73E4-4F24-8397-B9AFA3878E84}.Release|iPhone.ActiveCfg = Release|Any CPU
		{EC25713E-73E4-4F24-8397-B9AFA3878E84}.Release|iPhoneSimulator.ActiveCfg = Release|Any CPU
		{EC25713E-73E4-4F24-8397-B9AFA3878E84}.Release|Mixed Platforms.ActiveCfg = Release|Any CPU
		{EC25713E-73E4-4F24-8397-B9AFA3878E84}.Release|Mixed Platforms.Build.0 = Release|Any CPU
		{EC25713E-73E4-4F24-8397-B9AFA3878E84}.Release|Mixed Platforms.Deploy.0 = Release|Any CPU
	EndGlobalSection
	GlobalSection(SolutionProperties) = preSolution
		HideSolutionNode = FALSE
	EndGlobalSection
EndGlobal
